{
  "version": 4,
  "terraform_version": "1.3.6",
  "serial": 6,
  "lineage": "6c04226d-6072-6023-d7d5-a3aba85c427e",
  "outputs": {},
  "resources": [
    {
      "mode": "managed",
      "type": "azurerm_resource_group",
      "name": "resource_group",
      "provider": "provider[\"registry.terraform.io/hashicorp/azurerm\"]",
      "instances": [
        {
          "schema_version": 0,
          "attributes": {
            "id": "/subscriptions/c5e200af-703f-4ea5-923c-19abf1347d66/resourceGroups/rtv-resources",
            "location": "uksouth",
            "name": "rtv-resources",
            "tags": {},
            "timeouts": null
          },
          "sensitive_attributes": [],
          "private": "eyJlMmJmYjczMC1lY2FhLTExZTYtOGY4OC0zNDM2M2JjN2M0YzAiOnsiY3JlYXRlIjo1NDAwMDAwMDAwMDAwLCJkZWxldGUiOjU0MDAwMDAwMDAwMDAsInJlYWQiOjMwMDAwMDAwMDAwMCwidXBkYXRlIjo1NDAwMDAwMDAwMDAwfX0="
        }
      ]
    },
    {
      "mode": "managed",
      "type": "random_string",
      "name": "resource_code",
      "provider": "provider[\"registry.terraform.io/hashicorp/random\"]",
      "instances": [
        {
          "schema_version": 2,
          "attributes": {
            "id": "kri1z",
            "keepers": null,
            "length": 5,
            "lower": true,
            "min_lower": 0,
            "min_numeric": 0,
            "min_special": 0,
            "min_upper": 0,
            "number": true,
            "numeric": true,
            "override_special": null,
            "result": "kri1z",
            "special": false,
            "upper": false
          },
          "sensitive_attributes": []
        }
      ]
    },
    {
      "module": "module.storage",
      "mode": "managed",
      "type": "azurerm_storage_account",
      "name": "storage_account",
      "provider": "provider[\"registry.terraform.io/hashicorp/azurerm\"]",
      "instances": [
        {
          "schema_version": 2,
          "attributes": {
            "access_tier": "Hot",
            "account_kind": "StorageV2",
            "account_replication_type": "LRS",
            "account_tier": "Standard",
            "allow_blob_public_access": false,
            "azure_files_authentication": [],
            "blob_properties": [
              {
                "change_feed_enabled": false,
                "container_delete_retention_policy": [],
                "cors_rule": [],
                "default_service_version": "",
                "delete_retention_policy": [],
                "last_access_time_enabled": false,
                "versioning_enabled": false
              }
            ],
            "custom_domain": [],
            "customer_managed_key": [],
            "enable_https_traffic_only": true,
            "id": "/subscriptions/c5e200af-703f-4ea5-923c-19abf1347d66/resourceGroups/rtv-resources/providers/Microsoft.Storage/storageAccounts/storagekri1z",
            "identity": [],
            "infrastructure_encryption_enabled": false,
            "is_hns_enabled": false,
            "large_file_share_enabled": null,
            "location": "uksouth",
            "min_tls_version": "TLS1_0",
            "name": "storagekri1z",
            "network_rules": [
              {
                "bypass": [
                  "AzureServices"
                ],
                "default_action": "Allow",
                "ip_rules": [],
                "private_link_access": [],
                "virtual_network_subnet_ids": []
              }
            ],
            "nfsv3_enabled": false,
            "primary_access_key": "+vre6v4biD/9sijdlRJyK0ei6RHuXnXXU+LyT6Kq643dp5BvdjFNRllhmTBr/i/zU38D6beBfHwG+AStOlEKUw==",
            "primary_blob_connection_string": "DefaultEndpointsProtocol=https;BlobEndpoint=https://storagekri1z.blob.core.windows.net/;AccountName=storagekri1z;AccountKey=+vre6v4biD/9sijdlRJyK0ei6RHuXnXXU+LyT6Kq643dp5BvdjFNRllhmTBr/i/zU38D6beBfHwG+AStOlEKUw==",
            "primary_blob_endpoint": "https://storagekri1z.blob.core.windows.net/",
            "primary_blob_host": "storagekri1z.blob.core.windows.net",
            "primary_connection_string": "DefaultEndpointsProtocol=https;AccountName=storagekri1z;AccountKey=+vre6v4biD/9sijdlRJyK0ei6RHuXnXXU+LyT6Kq643dp5BvdjFNRllhmTBr/i/zU38D6beBfHwG+AStOlEKUw==;EndpointSuffix=core.windows.net",
            "primary_dfs_endpoint": "https://storagekri1z.dfs.core.windows.net/",
            "primary_dfs_host": "storagekri1z.dfs.core.windows.net",
            "primary_file_endpoint": "https://storagekri1z.file.core.windows.net/",
            "primary_file_host": "storagekri1z.file.core.windows.net",
            "primary_location": "uksouth",
            "primary_queue_endpoint": "https://storagekri1z.queue.core.windows.net/",
            "primary_queue_host": "storagekri1z.queue.core.windows.net",
            "primary_table_endpoint": "https://storagekri1z.table.core.windows.net/",
            "primary_table_host": "storagekri1z.table.core.windows.net",
            "primary_web_endpoint": "https://storagekri1z.z33.web.core.windows.net/",
            "primary_web_host": "storagekri1z.z33.web.core.windows.net",
            "queue_encryption_key_type": "Service",
            "queue_properties": [
              {
                "cors_rule": [],
                "hour_metrics": [
                  {
                    "enabled": true,
                    "include_apis": true,
                    "retention_policy_days": 7,
                    "version": "1.0"
                  }
                ],
                "logging": [
                  {
                    "delete": false,
                    "read": false,
                    "retention_policy_days": 0,
                    "version": "1.0",
                    "write": false
                  }
                ],
                "minute_metrics": [
                  {
                    "enabled": false,
                    "include_apis": false,
                    "retention_policy_days": 0,
                    "version": "1.0"
                  }
                ]
              }
            ],
            "resource_group_name": "rtv-resources",
            "routing": [],
            "secondary_access_key": "Sv8keb08d7RdJCYFiHju7p5MIG8HjHkgS/DBoKKpB6U1Ral7RfMah5Peu7xlzYLpf2U3JM7HVsqG+AStsPCttw==",
            "secondary_blob_connection_string": "",
            "secondary_blob_endpoint": null,
            "secondary_blob_host": null,
            "secondary_connection_string": "DefaultEndpointsProtocol=https;AccountName=storagekri1z;AccountKey=Sv8keb08d7RdJCYFiHju7p5MIG8HjHkgS/DBoKKpB6U1Ral7RfMah5Peu7xlzYLpf2U3JM7HVsqG+AStsPCttw==;EndpointSuffix=core.windows.net",
            "secondary_dfs_endpoint": null,
            "secondary_dfs_host": null,
            "secondary_file_endpoint": null,
            "secondary_file_host": null,
            "secondary_location": "",
            "secondary_queue_endpoint": null,
            "secondary_queue_host": null,
            "secondary_table_endpoint": null,
            "secondary_table_host": null,
            "secondary_web_endpoint": null,
            "secondary_web_host": null,
            "share_properties": [
              {
                "cors_rule": [],
                "retention_policy": [
                  {
                    "days": 7
                  }
                ],
                "smb": []
              }
            ],
            "shared_access_key_enabled": true,
            "static_website": [],
            "table_encryption_key_type": "Service",
            "tags": {},
            "timeouts": null
          },
          "sensitive_attributes": [],
          "private": "eyJlMmJmYjczMC1lY2FhLTExZTYtOGY4OC0zNDM2M2JjN2M0YzAiOnsiY3JlYXRlIjozNjAwMDAwMDAwMDAwLCJkZWxldGUiOjM2MDAwMDAwMDAwMDAsInJlYWQiOjMwMDAwMDAwMDAwMCwidXBkYXRlIjozNjAwMDAwMDAwMDAwfSwic2NoZW1hX3ZlcnNpb24iOiIyIn0=",
          "dependencies": [
            "azurerm_resource_group.resource_group",
            "random_string.resource_code"
          ]
        }
      ]
    },
    {
      "module": "module.storage",
      "mode": "managed",
      "type": "azurerm_storage_container",
      "name": "storage_account",
      "provider": "provider[\"registry.terraform.io/hashicorp/azurerm\"]",
      "instances": [
        {
          "schema_version": 1,
          "attributes": {
            "container_access_type": "private",
            "has_immutability_policy": false,
            "has_legal_hold": false,
            "id": "https://storagekri1z.blob.core.windows.net/tfstate",
            "metadata": {},
            "name": "tfstate",
            "resource_manager_id": "/subscriptions/c5e200af-703f-4ea5-923c-19abf1347d66/resourceGroups/rtv-resources/providers/Microsoft.Storage/storageAccounts/storagekri1z/blobServices/default/containers/tfstate",
            "storage_account_name": "storagekri1z",
            "timeouts": null
          },
          "sensitive_attributes": [],
          "private": "eyJlMmJmYjczMC1lY2FhLTExZTYtOGY4OC0zNDM2M2JjN2M0YzAiOnsiY3JlYXRlIjoxODAwMDAwMDAwMDAwLCJkZWxldGUiOjE4MDAwMDAwMDAwMDAsInJlYWQiOjMwMDAwMDAwMDAwMCwidXBkYXRlIjoxODAwMDAwMDAwMDAwfSwic2NoZW1hX3ZlcnNpb24iOiIxIn0=",
          "dependencies": [
            "module.storage.azurerm_storage_account.storage_account"
          ]
        }
      ]
    }
  ],
  "check_results": null
}
